version = 1
revision = 3
requires-python = ">=3.10"

[[package]]
name = "fortias"
source = { editable = "." }
dependencies = [
    { name = "intervaltree" },
]

[package.metadata]
requires-dist = [{ name = "intervaltree", specifier = ">=3.1" }]

[[package]]
name = "intervaltree"
version = "3.2.1"
source = { registry = "https://pypi.org/simple" }
dependencies = [
    { name = "sortedcontainers" },
]
sdist = { url = "https://files.pythonhosted.org/packages/53/c3/b2afa612aa0373f3e6bb190e6de35f293b307d1537f109e3e25dbfcdf212/intervaltree-3.2.1.tar.gz", hash = "sha256:f3f7e8baeb7dd75b9f7a6d33cf3ec10025984a8e66e3016d537e52130c73cfe2", size = 1231531, upload-time = "2025-12-24T04:25:06.773Z" }
wheels = [
    { url = "https://files.pythonhosted.org/packages/83/7f/8a80a1c7c2ed05822b5a2b312d2995f30c533641f8198366ba2e26a7bb03/intervaltree-3.2.1-py2.py3-none-any.whl", hash = "sha256:a8a8381bbd35d48ceebee932c77ffc988492d22fb1d27d0ba1d74a7694eb8f0b", size = 25929, upload-time = "2025-12-24T04:25:05.298Z" },
]

[[package]]
name = "sortedcontainers"
version = "2.4.0"
source = { registry = "https://pypi.org/simple" }
sdist = { url = "https://files.pythonhosted.org/packages/e8/c4/ba2f8066cceb6f23394729afe52f3bf7adec04bf9ed2c820b39e19299111/sortedcontainers-2.4.0.tar.gz", hash = "sha256:25caa5a06cc30b6b83d11423433f65d1f9d76c4c6a0c90e3379eaa43b9bfdb88", size = 30594, upload-time = "2021-05-16T22:03:42.897Z" }
wheels = [
    { url = "https://files.pythonhosted.org/packages/32/46/9cb0e58b2deb7f82b84065f37f3bffeb12413f947f9388e4cac22c4621ce/sortedcontainers-2.4.0-py2.py3-none-any.whl", hash = "sha256:a163dcaede0f1c021485e957a39245190e74249897e2ae4b2aa38595db237ee0", size = 29575, upload-time = "2021-05-16T22:03:41.177Z" },
]
